
Microsoft Visual Studio Solution File, Format Version 12.00
# Visual Studio Version 17
VisualStudioVersion = 17.0.31903.59
MinimumVisualStudioVersion = 10.0.40219.1
Project("{FAE04EC0-301F-11D3-BF4B-00C04F79EFBC}") = "shoes_shop_entity", "shoes_shop_entity.csproj", "{2C41B02E-92AA-45B3-AF0F-5F77EFBAA740}"
EndProject
Global
	GlobalSection(SolutionConfigurationPlatforms) = preSolution
		Debug|Any CPU = Debug|Any CPU
		Release|Any CPU = Release|Any CPU
	EndGlobalSection
	GlobalSection(ProjectConfigurationPlatforms) = postSolution
		{2C41B02E-92AA-45B3-AF0F-5F77EFBAA740}.Debug|Any CPU.ActiveCfg = Debug|Any CPU
		{2C41B02E-92AA-45B3-AF0F-5F77EFBAA740}.Debug|Any CPU.Build.0 = Debug|Any CPU
		{2C41B02E-92AA-45B3-AF0F-5F77EFBAA740}.Release|Any CPU.ActiveCfg = Release|Any CPU
		{2C41B02E-92AA-45B3-AF0F-5F77EFBAA740}.Release|Any CPU.Build.0 = Release|Any CPU
	EndGlobalSection
	GlobalSection(SolutionProperties) = preSolution
		HideSolutionNode = FALSE
	EndGlobalSection
	GlobalSection(ExtensibilityGlobals) = postSolution
		SolutionGuid = {DB551A04-6869-47B0-A708-E3700F982FC8}
	EndGlobalSection
EndGlobal
